version = 1
revision = 3
requires-python = "==3.12.*"

[[package]]
name = "certifi"
version = "2022.12.7"
source = { registry = "https://download.pytorch.org/whl/cu128" }
wheels = [
    { url = "https://download.pytorch.org/whl/certifi-2022.12.7-py3-none-any.whl", hash = "sha256:4ad3232f5e926d6718ec31cfc1fcadfde020920e278684144551c91769c7bc18", upload-time = "2023-10-03T17:33:19Z" },
]

[[package]]
name = "charset-normalizer"
version = "2.1.1"
source = { registry = "https://download.pytorch.org/whl/cu128" }
wheels = [
    { url = "https://download.pytorch.org/whl/charset_normalizer-2.1.1-py3-none-any.whl", hash = "sha256:83e9a75d1911279afd89352c68b45348559d1fc0506b054b346651b5e7fee29f", upload-time = "2023-10-03T17:33:19Z" },
]

[[package]]
name = "colorama"
version = "0.4.6"
source = { registry = "https://download.pytorch.org/whl/cu128" }
wheels = [
    { url = "https://download.pytorch.org/whl/colorama-0.4.6-py2.py3-none-any.whl", hash = "sha256:4f1d9991f5acc0ca119f9d443620b77f9d6b33703e51011c16baf57afb285fc6", upload-time = "2023-10-05T23:50:34Z" },
]

[[package]]
name = "cuda-bindings"
version = "12.9.4"
source = { registry = "https://download.pytorch.org/whl/cu128" }
dependencies = [
    { name = "cuda-pathfinder" },
]
wheels = [
    { url = "https://download.pytorch.org/whl/cu128/cuda_bindings-12.9.4-cp312-cp312-manylinux_2_24_aarch64.manylinux_2_28_aarch64.whl", hash = "sha256:694ba35023846625ef471257e6b5a4bc8af690f961d197d77d34b1d1db393f56", upload-time = "2026-01-26T17:23:49Z" },
    { url = "https://download.pytorch.org/whl/cu128/cuda_bindings-12.9.4-cp312-cp312-manylinux_2_24_x86_64.manylinux_2_28_x86_64.whl", hash = "sha256:fda147a344e8eaeca0c6ff113d2851ffca8f7dfc0a6c932374ee5c47caa649c8", upload-time = "2026-01-26T17:23:50Z" },
]

[[package]]
name = "cuda-pathfinder"
version = "1.2.2"
source = { registry = "https://download.pytorch.org/whl/cu128" }
wheels = [
    { url = "https://download.pytorch.org/whl/cuda_pathfinder-1.2.2-py3-none-any.whl", upload-time = "2026-01-20T19:36:05Z" },
]

[[package]]
name = "cuda-toolkit"
version = "12.8.1"
source = { registry = "https://download.pytorch.org/whl/cu128" }
wheels = [
    { url = "https://pypi.nvidia.com/cuda-toolkit/cuda_toolkit-12.8.1-py2.py3-none-any.whl", hash = "sha256:adc7906af4ecbf9a352f9dca5734eceb21daec281ccfcf5675e1d2f724fc2cba" },
]

[package.optional-dependencies]
cublas = [
    { name = "nvidia-cublas-cu12", marker = "sys_platform == 'linux' or sys_platform == 'win32'" },
]
cudart = [
    { name = "nvidia-cuda-runtime-cu12", marker = "sys_platform == 'linux' or sys_platform == 'win32'" },
]
cufft = [
    { name = "nvidia-cufft-cu12", marker = "sys_platform == 'linux' or sys_platform == 'win32'" },
]
cufile = [
    { name = "nvidia-cufile-cu12", marker = "sys_platform == 'linux'" },
]
cupti = [
    { name = "nvidia-cuda-cupti-cu12", marker = "sys_platform == 'linux' or sys_platform == 'win32'" },
]
curand = [
    { name = "nvidia-curand-cu12", marker = "sys_platform == 'linux' or sys_platform == 'win32'" },
]
cusolver = [
    { name = "nvidia-cusolver-cu12", marker = "sys_platform == 'linux' or sys_platform == 'win32'" },
]
cusparse = [
    { name = "nvidia-cusparse-cu12", marker = "sys_platform == 'linux' or sys_platform == 'win32'" },
]
nvjitlink = [
    { name = "nvidia-nvjitlink-cu12", marker = "sys_platform == 'linux' or sys_platform == 'win32'" },
]
nvrtc = [
    { name = "nvidia-cuda-nvrtc-cu12", marker = "sys_platform == 'linux' or sys_platform == 'win32'" },
]
nvtx = [
    { name = "nvidia-nvtx-cu12", marker = "sys_platform == 'linux' or sys_platform == 'win32'" },
]

[[package]]
name = "filelock"
version = "3.29.0"
source = { registry = "https://download.pytorch.org/whl/cu128" }
sdist = { url = "https://files.pythonhosted.org/packages/b5/fe/997687a931ab51049acce6fa1f23e8f01216374ea81374ddee763c493db5/filelock-3.29.0.tar.gz", hash = "sha256:69974355e960702e789734cb4871f884ea6fe50bd8404051a3530bc07809cf90" }
wheels = [
    { url = "https://files.pythonhosted.org/packages/81/47/dd9a212ef6e343a6857485ffe25bba537304f1913bdbed446a23f7f592e1/filelock-3.29.0-py3-none-any.whl", hash = "sha256:96f5f6344709aa1572bbf631c640e4ebeeb519e08da902c39a001882f30ac258" },
]

[[package]]
name = "fsspec"
version = "2026.4.0"
source = { registry = "https://download.pytorch.org/whl/cu128" }
sdist = { url = "https://files.pythonhosted.org/packages/d5/8d/1c51c094345df128ca4a990d633fe1a0ff28726c9e6b3c41ba65087bba1d/fsspec-2026.4.0.tar.gz", hash = "sha256:301d8ac70ae90ef3ad05dcf94d6c3754a097f9b5fe4667d2787aa359ec7df7e4" }
wheels = [
    { url = "https://files.pythonhosted.org/packages/d5/0c/043d5e551459da400957a1395e0febbf771446ff34291afcbe3d8be2a279/fsspec-2026.4.0-py3-none-any.whl", hash = "sha256:11ef7bb35dab8a394fde6e608221d5cf3e8499401c249bebaeaad760a1a8dec2" },
]

[[package]]
name = "idna"
version = "3.4"
source = { registry = "https://download.pytorch.org/whl/cu128" }
wheels = [
    { url = "https://download.pytorch.org/whl/idna-3.4-py3-none-any.whl", hash = "sha256:90b77e79eaa3eba6de819a0c442c0b4ceefc341a7a2ab77d7562bf49f425c5c2", upload-time = "2023-10-06T21:35:40Z" },
]

[[package]]
name = "jinja2"
version = "3.1.6"
source = { registry = "https://download.pytorch.org/whl/cu128" }
dependencies = [
    { name = "markupsafe" },
]
wheels = [
    { url = "https://download.pytorch.org/whl/jinja2-3.1.6-py3-none-any.whl", upload-time = "2025-10-14T18:38:59Z" },
]

[[package]]
name = "llvmlite"
version = "0.48.0"
source = { registry = "https://pypi.org/simple" }
sdist = { url = "https://files.pythonhosted.org/packages/dc/a0/acc8ffcd5bdc63df0097e22c719bfcd61b604358343089313a8aebbb24ab/llvmlite-0.48.0.tar.gz", hash = "sha256:543b19f9ef8f3c7c60d1468191e4ee1b1537bf9f8a3d56f64c0ddd98de92edd2", size = 184016, upload-time = "2026-07-02T20:20:05.308Z" }
wheels = [
    { url = "https://files.pythonhosted.org/packages/92/a2/28696a9e61e245d1a79816d29d106692a90a2b6e7d78c98b326db70827af/llvmlite-0.48.0-cp312-cp312-macosx_12_0_arm64.whl", hash = "sha256:d66c3beb4209087ddd4cf4ed2a0856b6887e6a913bdcf1aacfec9851cf2cba4e", size = 40480651, upload-time = "2026-07-01T18:41:35.694Z" },
    { url = "https://files.pythonhosted.org/packages/80/f2/72409351db66d0a317ec5087e076f31fb7b773a640db8a90ce6b5cac9edd/llvmlite-0.48.0-cp312-cp312-manylinux2014_x86_64.manylinux_2_17_x86_64.whl", hash = "sha256:416fa4c2c66c2c6dc6d0a402648c19206e548efa0aa1eff01ad5cdad0af8217d", size = 59890118, upload-time = "2026-07-01T18:41:44.886Z" },
    { url = "https://files.pythonhosted.org/packages/3a/27/5ae2f3722606360480707adb47f001ad89df8251d06b14ee80336e660b66/llvmlite-0.48.0-cp312-cp312-manylinux_2_27_aarch64.manylinux_2_28_aarch64.whl", hash = "sha256:f5e5a5131045b72345c71062ea1a91910dde913792b6c9b28ebb2c1c0a712e98", size = 58343459, upload-time = "2026-07-01T18:41:40.306Z" },
    { url = "https://files.pythonhosted.org/packages/16/78/d824ffff7521cd140dc2006e44ce2bc82e64b48d1b32e90e956308c85a74/llvmlite-0.48.0-cp312-cp312-win_amd64.whl", hash = "sha256:d45c7541a80934ec6d8ab0defe67439494ecd2193cbf852a44ba827808976ac1", size = 41865022, upload-time = "2026-07-01T18:41:48.663Z" },
]

[[package]]
name = "markupsafe"
version = "3.0.3"
source = { registry = "https://download.pytorch.org/whl/cu128" }
wheels = [
    { url = "https://download.pytorch.org/whl/markupsafe-3.0.3-cp312-cp312-macosx_11_0_arm64.whl", upload-time = "2026-03-27T13:54:33Z" },
    { url = "https://download.pytorch.org/whl/markupsafe-3.0.3-cp312-cp312-manylinux2014_aarch64.manylinux_2_17_aarch64.manylinux_2_28_aarch64.whl", upload-time = "2026-03-27T13:54:33Z" },
    { url = "https://download.pytorch.org/whl/markupsafe-3.0.3-cp312-cp312-manylinux2014_x86_64.manylinux_2_17_x86_64.manylinux_2_28_x86_64.whl", upload-time = "2026-03-27T13:54:35Z" },
    { url = "https://download.pytorch.org/whl/markupsafe-3.0.3-cp312-cp312-win_amd64.whl", upload-time = "2026-03-27T13:54:35Z" },
]

[[package]]
name = "more-itertools"
version = "11.1.0"
source = { registry = "https://pypi.org/simple" }
sdist = { url = "https://files.pythonhosted.org/packages/de/1d/f4da6f02cdffe04d6362210b807146a26044c88d839208aec273bb0d9184/more_itertools-11.1.0.tar.gz", hash = "sha256:48e8f4d9e7e5878571ecf6f2b4e57634f93cd474cc8cfbd2376f2d11b396e30d", size = 145772, upload-time = "2026-05-22T14:14:29.909Z" }
wheels = [
    { url = "https://files.pythonhosted.org/packages/e8/3d/1087453384dbde46a8c7f9356eead2c58be8a7bf156bca40243377c85715/more_itertools-11.1.0-py3-none-any.whl", hash = "sha256:4b65538ae22f6fed0ce4874efd317463a7489796a0939fa66824dd542125a192", size = 72226, upload-time = "2026-05-22T14:14:28.824Z" },
]

[[package]]
name = "mpmath"
version = "1.3.0"
source = { registry = "https://download.pytorch.org/whl/cu128" }
sdist = { url = "https://files.pythonhosted.org/packages/e0/47/dd32fa426cc72114383ac549964eecb20ecfd886d1e5ccf5340b55b02f57/mpmath-1.3.0.tar.gz", hash = "sha256:7a28eb2a9774d00c7bc92411c19a89209d5da7c4c9a9e227be8330a23a25b91f" }
wheels = [
    { url = "https://files.pythonhosted.org/packages/43/e3/7d92a15f894aa0c9c4b49b8ee9ac9850d6e63b03c9c32c0367a13ae62209/mpmath-1.3.0-py3-none-any.whl", hash = "sha256:a0b2b9fe80bbcd81a6647ff13108738cfb482d481d826cc0e02f5b35e5c88d2c" },
]

[[package]]
name = "networkx"
version = "3.6.1"
source = { registry = "https://download.pytorch.org/whl/cu128" }
sdist = { url = "https://files.pythonhosted.org/packages/6a/51/63fe664f3908c97be9d2e4f1158eb633317598cfa6e1fc14af5383f17512/networkx-3.6.1.tar.gz", hash = "sha256:26b7c357accc0c8cde558ad486283728b65b6a95d85ee1cd66bafab4c8168509" }
wheels = [
    { url = "https://files.pythonhosted.org/packages/9e/c9/b2622292ea83fbb4ec318f5b9ab867d0a28ab43c5717bb85b0a5f6b3b0a4/networkx-3.6.1-py3-none-any.whl", hash = "sha256:d47fbf302e7d9cbbb9e2555a0d267983d2aa476bac30e90dfbe5669bd57f3762" },
]

[[package]]
name = "numba"
version = "0.66.0"
source = { registry = "https://pypi.org/simple" }
dependencies = [
    { name = "llvmlite" },
    { name = "numpy" },
]
sdist = { url = "https://files.pythonhosted.org/packages/ae/a0/570e3dc53e5602b49108f62a13e529f1eec8bfc7ef37d49c825924dcf546/numba-0.66.0.tar.gz", hash = "sha256:b900e63a0e26c05ea9a6d5a3a5a0a177cb64c5011887bf43edb8c3ed2c38d363", size = 2806181, upload-time = "2026-07-01T23:12:46.36Z" }
wheels = [
    { url = "https://files.pythonhosted.org/packages/62/a3/70deb7f88461c1cd5d16aa990c2380604102661a427667b8950dcdccc27f/numba-0.66.0-cp312-cp312-macosx_12_0_arm64.whl", hash = "sha256:53ca5900b7cab15109796030113a6b28576bae5ad7bb507ad6dd1360ddd81ba4", size = 2727264, upload-time = "2026-07-01T23:12:18.669Z" },
    { url = "https://files.pythonhosted.org/packages/2d/55/25c319845e9a4e08f16611ddbda56a192eb7b6ed13e1a2bff2da272ffb97/numba-0.66.0-cp312-cp312-manylinux2014_x86_64.manylinux_2_17_x86_64.whl", hash = "sha256:0999e3ee1b18c48e1fb51d11af35ef59852c7f4f50569c9550c25faef0616ad1", size = 3866252, upload-time = "2026-07-01T23:12:20.429Z" },
    { url = "https://files.pythonhosted.org/packages/71/ef/a82d6fd6bf1b0fe461651e924d3647eeec9ac17f8eee4896264bf7480930/numba-0.66.0-cp312-cp312-manylinux_2_27_aarch64.manylinux_2_28_aarch64.whl", hash = "sha256:efe0d2d5099790df945e0cb6e1b3104bd965d7bbfac50d62f1d5d1d6ade0825d", size = 3566974, upload-time = "2026-07-01T23:12:22.116Z" },
    { url = "https://files.pythonhosted.org/packages/fc/eb/9e6171e378822ab191c7abcfd3d8cfc8644516f6c7834c22e210e4acc070/numba-0.66.0-cp312-cp312-win_amd64.whl", hash = "sha256:b075a4e7ebc43dc6294f223e2821659656209fd5e0ce53245877c23d66d6e1a9", size = 2797403, upload-time = "2026-07-01T23:12:23.724Z" },
]

[[package]]
name = "numpy"
version = "2.4.4"
source = { registry = "https://download.pytorch.org/whl/cu128" }
sdist = { url = "https://files.pythonhosted.org/packages/d7/9f/b8cef5bffa569759033adda9481211426f12f53299629b410340795c2514/numpy-2.4.4.tar.gz", hash = "sha256:2d390634c5182175533585cc89f3608a4682ccb173cc9bb940b2881c8d6f8fa0" }
wheels = [
    { url = "https://files.pythonhosted.org/packages/28/05/32396bec30fb2263770ee910142f49c1476d08e8ad41abf8403806b520ce/numpy-2.4.4-cp312-cp312-macosx_10_13_x86_64.whl", hash = "sha256:15716cfef24d3a9762e3acdf87e27f58dc823d1348f765bbea6bef8c639bfa1b" },
    { url = "https://files.pythonhosted.org/packages/c5/f3/a983d28637bfcd763a9c7aafdb6d5c0ebf3d487d1e1459ffdb57e2f01117/numpy-2.4.4-cp312-cp312-macosx_11_0_arm64.whl", hash = "sha256:23cbfd4c17357c81021f21540da84ee282b9c8fba38a03b7b9d09ba6b951421e" },
    { url = "https://files.pythonhosted.org/packages/9b/fd/e5ecca1e78c05106d98028114f5c00d3eddb41207686b2b7de3e477b0e22/numpy-2.4.4-cp312-cp312-macosx_14_0_arm64.whl", hash = "sha256:8b3b60bb7cba2c8c81837661c488637eee696f59a877788a396d33150c35d842" },
    { url = "https://files.pythonhosted.org/packages/de/2f/702a4594413c1a8632092beae8aba00f1d67947389369b3777aed783fdca/numpy-2.4.4-cp312-cp312-macosx_14_0_x86_64.whl", hash = "sha256:e4a010c27ff6f210ff4c6ef34394cd61470d01014439b192ec22552ee867f2a8" },
    { url = "https://files.pythonhosted.org/packages/7f/37/eed308a8f56cba4d1fdf467a4fc67ef4ff4bf1c888f5fc980481890104b1/numpy-2.4.4-cp312-cp312-manylinux_2_27_aarch64.manylinux_2_28_aarch64.whl", hash = "sha256:f9e75681b59ddaa5e659898085ae0eaea229d054f2ac0c7e563a62205a700121" },
    { url = "https://files.pythonhosted.org/packages/0a/0d/0e3ecece05b7a7e87ab9fb587855548da437a061326fff64a223b6dcb78a/numpy-2.4.4-cp312-cp312-manylinux_2_27_x86_64.manylinux_2_28_x86_64.whl", hash = "sha256:81f4a14bee47aec54f883e0cad2d73986640c1590eb9bfaaba7ad17394481e6e" },
    { url = "https://files.pythonhosted.org/packages/34/49/f2312c154b82a286758ee2f1743336d50651f8b5195db18cdb63675ff649/numpy-2.4.4-cp312-cp312-musllinux_1_2_aarch64.whl", hash = "sha256:62d6b0f03b694173f9fcb1fb317f7222fd0b0b103e784c6549f5e53a27718c44" },
    { url = "https://files.pythonhosted.org/packages/7b/e9/736d17bd77f1b0ec4f9901aaec129c00d59f5d84d5e79bba540ef12c2330/numpy-2.4.4-cp312-cp312-musllinux_1_2_x86_64.whl", hash = "sha256:fbc356aae7adf9e6336d336b9c8111d390a05df88f1805573ebb0807bd06fd1d" },
    { url = "https://files.pythonhosted.org/packages/63/f6/d417977c5f519b17c8a5c3bc9e8304b0908b0e21136fe43bf628a1343914/numpy-2.4.4-cp312-cp312-win32.whl", hash = "sha256:0d35aea54ad1d420c812bfa0385c71cd7cc5bcf7c65fed95fc2cd02fe8c79827" },
    { url = "https://files.pythonhosted.org/packages/2d/5b/e1deebf88ff431b01b7406ca3583ab2bbb90972bbe1c568732e49c844f7e/numpy-2.4.4-cp312-cp312-win_amd64.whl", hash = "sha256:b5f0362dc928a6ecd9db58868fca5e48485205e3855957bdedea308f8672ea4a" },
    { url = "https://files.pythonhosted.org/packages/58/89/e4e856ac82a68c3ed64486a544977d0e7bdd18b8da75b78a577ca31c4395/numpy-2.4.4-cp312-cp312-win_arm64.whl", hash = "sha256:846300f379b5b12cc769334464656bc882e0735d27d9726568bc932fdc49d5ec" },
]

[[package]]
name = "nvidia-cublas-cu12"
version = "12.8.4.1"
source = { registry = "https://download.pytorch.org/whl/cu128" }
wheels = [
    { url = "https://pypi.nvidia.com/nvidia-cublas-cu12/nvidia_cublas_cu12-12.8.4.1-py3-none-manylinux_2_27_aarch64.whl", hash = "sha256:b86f6dd8935884615a0683b663891d43781b819ac4f2ba2b0c9604676af346d0" },
    { url = "https://pypi.nvidia.com/nvidia-cublas-cu12/nvidia_cublas_cu12-12.8.4.1-py3-none-manylinux_2_27_x86_64.whl", hash = "sha256:8ac4e771d5a348c551b2a426eda6193c19aa630236b418086020df5ba9667142" },
]

[[package]]
name = "nvidia-cuda-cupti-cu12"
version = "12.8.90"
source = { registry = "https://download.pytorch.org/whl/cu128" }
wheels = [
    { url = "https://pypi.nvidia.com/nvidia-cuda-cupti-cu12/nvidia_cuda_cupti_cu12-12.8.90-py3-none-manylinux2014_aarch64.manylinux_2_17_aarch64.whl", hash = "sha256:4412396548808ddfed3f17a467b104ba7751e6b58678a4b840675c56d21cf7ed" },
    { url = "https://pypi.nvidia.com/nvidia-cuda-cupti-cu12/nvidia_cuda_cupti_cu12-12.8.90-py3-none-manylinux2014_x86_64.manylinux_2_17_x86_64.whl", hash = "sha256:ea0cb07ebda26bb9b29ba82cda34849e73c166c18162d3913575b0c9db9a6182" },
]

[[package]]
name = "nvidia-cuda-nvrtc-cu12"
version = "12.8.93"
source = { registry = "https://download.pytorch.org/whl/cu128" }
wheels = [
    { url = "https://pypi.nvidia.com/nvidia-cuda-nvrtc-cu12/nvidia_cuda_nvrtc_cu12-12.8.93-py3-none-manylinux2010_x86_64.manylinux_2_12_x86_64.whl", hash = "sha256:a7756528852ef889772a84c6cd89d41dfa74667e24cca16bb31f8f061e3e9994" },
    { url = "https://pypi.nvidia.com/nvidia-cuda-nvrtc-cu12/nvidia_cuda_nvrtc_cu12-12.8.93-py3-none-manylinux2014_aarch64.manylinux_2_17_aarch64.whl", hash = "sha256:fc1fec1e1637854b4c0a65fb9a8346b51dd9ee69e61ebaccc82058441f15bce8" },
]

[[package]]
name = "nvidia-cuda-runtime-cu12"
version = "12.8.90"
source = { registry = "https://download.pytorch.org/whl/cu128" }
wheels = [
    { url = "https://pypi.nvidia.com/nvidia-cuda-runtime-cu12/nvidia_cuda_runtime_cu12-12.8.90-py3-none-manylinux2014_aarch64.manylinux_2_17_aarch64.whl", hash = "sha256:52bf7bbee900262ffefe5e9d5a2a69a30d97e2bc5bb6cc866688caa976966e3d" },
    { url = "https://pypi.nvidia.com/nvidia-cuda-runtime-cu12/nvidia_cuda_runtime_cu12-12.8.90-py3-none-manylinux2014_x86_64.manylinux_2_17_x86_64.whl", hash = "sha256:adade8dcbd0edf427b7204d480d6066d33902cab2a4707dcfc48a2d0fd44ab90" },
]

[[package]]
name = "nvidia-cudnn-cu12"
version = "9.19.0.56"
source = { registry = "https://download.pytorch.org/whl/cu128" }
dependencies = [
    { name = "nvidia-cublas-cu12" },
]
wheels = [
    { url = "https://pypi.nvidia.com/nvidia-cudnn-cu12/nvidia_cudnn_cu12-9.19.0.56-py3-none-manylinux_2_27_aarch64.whl", hash = "sha256:08caaf27fe556aca82a3ee3b5aa49a77e7de0cfcb7ff4e5c29da426387a8267e" },
    { url = "https://pypi.nvidia.com/nvidia-cudnn-cu12/nvidia_cudnn_cu12-9.19.0.56-py3-none-manylinux_2_27_x86_64.whl", hash = "sha256:ac6ad90a075bb33a94f2b4cf4622eac13dd4dc65cf6dd9c7572a318516a36625" },
]

[[package]]
name = "nvidia-cufft-cu12"
version = "11.3.3.83"
source = { registry = "https://download.pytorch.org/whl/cu128" }
dependencies = [
    { name = "nvidia-nvjitlink-cu12" },
]
wheels = [
    { url = "https://pypi.nvidia.com/nvidia-cufft-cu12/nvidia_cufft_cu12-11.3.3.83-py3-none-manylinux2014_aarch64.manylinux_2_17_aarch64.whl", hash = "sha256:848ef7224d6305cdb2a4df928759dca7b1201874787083b6e7550dd6765ce69a" },
    { url = "https://pypi.nvidia.com/nvidia-cufft-cu12/nvidia_cufft_cu12-11.3.3.83-py3-none-manylinux2014_x86_64.manylinux_2_17_x86_64.whl", hash = "sha256:4d2dd21ec0b88cf61b62e6b43564355e5222e4a3fb394cac0db101f2dd0d4f74" },
]

[[package]]
name = "nvidia-cufile-cu12"
version = "1.13.1.3"
source = { registry = "https://download.pytorch.org/whl/cu128" }
wheels = [
    { url = "https://pypi.nvidia.com/nvidia-cufile-cu12/nvidia_cufile_cu12-1.13.1.3-py3-none-manylinux2014_x86_64.manylinux_2_17_x86_64.whl", hash = "sha256:1d069003be650e131b21c932ec3d8969c1715379251f8d23a1860554b1cb24fc" },
    { url = "https://pypi.nvidia.com/nvidia-cufile-cu12/nvidia_cufile_cu12-1.13.1.3-py3-none-manylinux_2_27_aarch64.whl", hash = "sha256:4beb6d4cce47c1a0f1013d72e02b0994730359e17801d395bdcbf20cfb3bb00a" },
]

[[package]]
name = "nvidia-curand-cu12"
version = "10.3.9.90"
source = { registry = "https://download.pytorch.org/whl/cu128" }
wheels = [
    { url = "https://pypi.nvidia.com/nvidia-curand-cu12/nvidia_curand_cu12-10.3.9.90-py3-none-manylinux_2_27_aarch64.whl", hash = "sha256:dfab99248034673b779bc6decafdc3404a8a6f502462201f2f31f11354204acd" },
    { url = "https://pypi.nvidia.com/nvidia-curand-cu12/nvidia_curand_cu12-10.3.9.90-py3-none-manylinux_2_27_x86_64.whl", hash = "sha256:b32331d4f4df5d6eefa0554c565b626c7216f87a06a4f56fab27c3b68a830ec9" },
]

[[package]]
name = "nvidia-cusolver-cu12"
version = "11.7.3.90"
source = { registry = "https://download.pytorch.org/whl/cu128" }
dependencies = [
    { name = "nvidia-cublas-cu12" },
    { name = "nvidia-cusparse-cu12" },
    { name = "nvidia-nvjitlink-cu12" },
]
wheels = [
    { url = "https://pypi.nvidia.com/nvidia-cusolver-cu12/nvidia_cusolver_cu12-11.7.3.90-py3-none-manylinux_2_27_aarch64.whl", hash = "sha256:db9ed69dbef9715071232caa9b69c52ac7de3a95773c2db65bdba85916e4e5c0" },
    { url = "https://pypi.nvidia.com/nvidia-cusolver-cu12/nvidia_cusolver_cu12-11.7.3.90-py3-none-manylinux_2_27_x86_64.whl", hash = "sha256:4376c11ad263152bd50ea295c05370360776f8c3427b30991df774f9fb26c450" },
]

[[package]]
name = "nvidia-cusparse-cu12"
version = "12.5.8.93"
source = { registry = "https://download.pytorch.org/whl/cu128" }
dependencies = [
    { name = "nvidia-nvjitlink-cu12" },
]
wheels = [
    { url = "https://pypi.nvidia.com/nvidia-cusparse-cu12/nvidia_cusparse_cu12-12.5.8.93-py3-none-manylinux2014_aarch64.manylinux_2_17_aarch64.whl", hash = "sha256:9b6c161cb130be1a07a27ea6923df8141f3c295852f4b260c65f18f3e0a091dc" },
    { url = "https://pypi.nvidia.com/nvidia-cusparse-cu12/nvidia_cusparse_cu12-12.5.8.93-py3-none-manylinux2014_x86_64.manylinux_2_17_x86_64.whl", hash = "sha256:1ec05d76bbbd8b61b06a80e1eaf8cf4959c3d4ce8e711b65ebd0443bb0ebb13b" },
]

[[package]]
name = "nvidia-cusparselt-cu12"
version = "0.7.1"
source = { registry = "https://download.pytorch.org/whl/cu128" }
wheels = [
    { url = "https://pypi.nvidia.com/nvidia-cusparselt-cu12/nvidia_cusparselt_cu12-0.7.1-py3-none-manylinux2014_aarch64.whl", hash = "sha256:8878dce784d0fac90131b6817b607e803c36e629ba34dc5b433471382196b6a5" },
    { url = "https://pypi.nvidia.com/nvidia-cusparselt-cu12/nvidia_cusparselt_cu12-0.7.1-py3-none-manylinux2014_x86_64.whl", hash = "sha256:f1bb701d6b930d5a7cea44c19ceb973311500847f81b634d802b7b539dc55623" },
]

[[package]]
name = "nvidia-nccl-cu12"
version = "2.28.9"
source = { registry = "https://download.pytorch.org/whl/cu128" }
wheels = [
    { url = "https://pypi.nvidia.com/nvidia-nccl-cu12/nvidia_nccl_cu12-2.28.9-py3-none-manylinux_2_18_aarch64.whl", hash = "sha256:50a36e01c4a090b9f9c47d92cec54964de6b9fcb3362d0e19b8ffc6323c21b60" },
    { url = "https://pypi.nvidia.com/nvidia-nccl-cu12/nvidia_nccl_cu12-2.28.9-py3-none-manylinux_2_18_x86_64.whl", hash = "sha256:485776daa8447da5da39681af455aa3b2c2586ddcf4af8772495e7c532c7e5ab" },
]

[[package]]
name = "nvidia-nvjitlink-cu12"
version = "12.8.93"
source = { registry = "https://download.pytorch.org/whl/cu128" }
wheels = [
    { url = "https://pypi.nvidia.com/nvidia-nvjitlink-cu12/nvidia_nvjitlink_cu12-12.8.93-py3-none-manylinux2010_x86_64.manylinux_2_12_x86_64.whl", hash = "sha256:81ff63371a7ebd6e6451970684f916be2eab07321b73c9d244dc2b4da7f73b88" },
    { url = "https://pypi.nvidia.com/nvidia-nvjitlink-cu12/nvidia_nvjitlink_cu12-12.8.93-py3-none-manylinux2014_aarch64.manylinux_2_17_aarch64.whl", hash = "sha256:adccd7161ace7261e01bb91e44e88da350895c270d23f744f0820c818b7229e7" },
]

[[package]]
name = "nvidia-nvshmem-cu12"
version = "3.4.5"
source = { registry = "https://download.pytorch.org/whl/cu128" }
wheels = [
    { url = "https://pypi.nvidia.com/nvidia-nvshmem-cu12/nvidia_nvshmem_cu12-3.4.5-py3-none-manylinux2014_aarch64.manylinux_2_17_aarch64.whl", hash = "sha256:0b48363fc6964dede448029434c6abed6c5e37f823cb43c3bcde7ecfc0457e15" },
    { url = "https://pypi.nvidia.com/nvidia-nvshmem-cu12/nvidia_nvshmem_cu12-3.4.5-py3-none-manylinux2014_x86_64.manylinux_2_17_x86_64.whl", hash = "sha256:042f2500f24c021db8a06c5eec2539027d57460e1c1a762055a6554f72c369bd" },
]

[[package]]
name = "nvidia-nvtx-cu12"
version = "12.8.90"
source = { registry = "https://download.pytorch.org/whl/cu128" }
wheels = [
    { url = "https://pypi.nvidia.com/nvidia-nvtx-cu12/nvidia_nvtx_cu12-12.8.90-py3-none-manylinux2014_aarch64.manylinux_2_17_aarch64.whl", hash = "sha256:d7ad891da111ebafbf7e015d34879f7112832fc239ff0d7d776b6cb685274615" },
    { url = "https://pypi.nvidia.com/nvidia-nvtx-cu12/nvidia_nvtx_cu12-12.8.90-py3-none-manylinux2014_x86_64.manylinux_2_17_x86_64.whl", hash = "sha256:5b17e2001cc0d751a5bc2c6ec6d26ad95913324a4adb86788c944f8ce9ba441f" },
]

[[package]]
name = "openai-whisper"
version = "20250625"
source = { registry = "https://pypi.org/simple" }
dependencies = [
    { name = "more-itertools" },
    { name = "numba" },
    { name = "numpy" },
    { name = "tiktoken" },
    { name = "torch" },
    { name = "tqdm" },
    { name = "triton", marker = "(platform_machine == 'x86_64' and sys_platform == 'linux') or sys_platform == 'linux2'" },
]
sdist = { url = "https://files.pythonhosted.org/packages/35/8e/d36f8880bcf18ec026a55807d02fe4c7357da9f25aebd92f85178000c0dc/openai_whisper-20250625.tar.gz", hash = "sha256:37a91a3921809d9f44748ffc73c0a55c9f366c85a3ef5c2ae0cc09540432eb96", size = 803191, upload-time = "2025-06-26T01:06:13.34Z" }

[[package]]
name = "pillow"
version = "12.2.0"
source = { registry = "https://download.pytorch.org/whl/cu128" }
sdist = { url = "https://files.pythonhosted.org/packages/8c/21/c2bcdd5906101a30244eaffc1b6e6ce71a31bd0742a01eb89e660ebfac2d/pillow-12.2.0.tar.gz", hash = "sha256:a830b1a40919539d07806aa58e1b114df53ddd43213d9c8b75847eee6c0182b5" }
wheels = [
    { url = "https://files.pythonhosted.org/packages/58/be/7482c8a5ebebbc6470b3eb791812fff7d5e0216c2be3827b30b8bb6603ed/pillow-12.2.0-cp312-cp312-macosx_10_13_x86_64.whl", hash = "sha256:2d192a155bbcec180f8564f693e6fd9bccff5a7af9b32e2e4bf8c9c69dbad6b5" },
    { url = "https://files.pythonhosted.org/packages/d8/95/0a351b9289c2b5cbde0bacd4a83ebc44023e835490a727b2a3bd60ddc0f4/pillow-12.2.0-cp312-cp312-macosx_11_0_arm64.whl", hash = "sha256:f3f40b3c5a968281fd507d519e444c35f0ff171237f4fdde090dd60699458421" },
    { url = "https://files.pythonhosted.org/packages/de/af/4e8e6869cbed569d43c416fad3dc4ecb944cb5d9492defaed89ddd6fe871/pillow-12.2.0-cp312-cp312-manylinux2014_aarch64.manylinux_2_17_aarch64.whl", hash = "sha256:03e7e372d5240cc23e9f07deca4d775c0817bffc641b01e9c3af208dbd300987" },
    { url = "https://files.pythonhosted.org/packages/e9/9e/c05e19657fd57841e476be1ab46c4d501bffbadbafdc31a6d665f8b737b6/pillow-12.2.0-cp312-cp312-manylinux2014_x86_64.manylinux_2_17_x86_64.whl", hash = "sha256:b86024e52a1b269467a802258c25521e6d742349d760728092e1bc2d135b4d76" },
    { url = "https://files.pythonhosted.org/packages/2b/54/1789c455ed10176066b6e7e6da1b01e50e36f94ba584dc68d9eebfe9156d/pillow-12.2.0-cp312-cp312-manylinux_2_27_aarch64.manylinux_2_28_aarch64.whl", hash = "sha256:7371b48c4fa448d20d2714c9a1f775a81155050d383333e0a6c15b1123dda005" },
    { url = "https://files.pythonhosted.org/packages/43/e3/fdc657359e919462369869f1c9f0e973f353f9a9ee295a39b1fea8ee1a77/pillow-12.2.0-cp312-cp312-manylinux_2_27_x86_64.manylinux_2_28_x86_64.whl", hash = "sha256:62f5409336adb0663b7caa0da5c7d9e7bdbaae9ce761d34669420c2a801b2780" },
    { url = "https://files.pythonhosted.org/packages/8b/f8/2f6825e441d5b1959d2ca5adec984210f1ec086435b0ed5f52c19b3b8a6e/pillow-12.2.0-cp312-cp312-musllinux_1_2_aarch64.whl", hash = "sha256:01afa7cf67f74f09523699b4e88c73fb55c13346d212a59a2db1f86b0a63e8c5" },
    { url = "https://files.pythonhosted.org/packages/67/f9/029a27095ad20f854f9dba026b3ea6428548316e057e6fc3545409e86651/pillow-12.2.0-cp312-cp312-musllinux_1_2_x86_64.whl", hash = "sha256:fc3d34d4a8fbec3e88a79b92e5465e0f9b842b628675850d860b8bd300b159f5" },
    { url = "https://files.pythonhosted.org/packages/be/42/025cfe05d1be22dbfdb4f264fe9de1ccda83f66e4fc3aac94748e784af04/pillow-12.2.0-cp312-cp312-win32.whl", hash = "sha256:58f62cc0f00fd29e64b29f4fd923ffdb3859c9f9e6105bfc37ba1d08994e8940" },
    { url = "https://files.pythonhosted.org/packages/5d/7b/25a221d2c761c6a8ae21bfa3874988ff2583e19cf8a27bf2fee358df7942/pillow-12.2.0-cp312-cp312-win_amd64.whl", hash = "sha256:7f84204dee22a783350679a0333981df803dac21a0190d706a50475e361c93f5" },
    { url = "https://files.pythonhosted.org/packages/10/e1/542a474affab20fd4a0f1836cb234e8493519da6b76899e30bcc5d990b8b/pillow-12.2.0-cp312-cp312-win_arm64.whl", hash = "sha256:af73337013e0b3b46f175e79492d96845b16126ddf79c438d7ea7ff27783a414" },
]

[[package]]
name = "regex"
version = "2026.7.10"
source = { registry = "https://pypi.org/simple" }
sdist = { url = "https://files.pythonhosted.org/packages/7b/37/451aaddbf50922f34d744ad5ca919ae1fcfac112123885d9728f52a484b3/regex-2026.7.10.tar.gz", hash = "sha256:1050fedf0a8a92e843971120c2f57c3a99bea86c0dfa1d63a9fac053fe54b135", size = 416282, upload-time = "2026-07-10T19:49:46.267Z" }
wheels = [
    { url = "https://files.pythonhosted.org/packages/b3/9c/2503d4ccf3452dc323f8baa3cf3ee10406037d52735c76cfced81423f183/regex-2026.7.10-cp312-cp312-macosx_10_13_universal2.whl", hash = "sha256:7252b48b0c60100095088fbeb281fca9a4fcf678a4e04b1c520c3f8613c952c4", size = 497114, upload-time = "2026-07-10T19:47:16.22Z" },
    { url = "https://files.pythonhosted.org/packages/91/eb/04534f4263a4f658cd20a511e9d6124350044f2214eb24fee2db96acf318/regex-2026.7.10-cp312-cp312-macosx_10_13_x86_64.whl", hash = "sha256:da6ef4cb8d457aab0482b50120136ae94238aaa421863eaa7d599759742c72d6", size = 297422, upload-time = "2026-07-10T19:47:17.794Z" },
    { url = "https://files.pythonhosted.org/packages/ca/2d/35809de392ab66ba439b58c3187ae3b8b53c883233f284b59961e5725c99/regex-2026.7.10-cp312-cp312-macosx_11_0_arm64.whl", hash = "sha256:fe7ff456c22725c9d9017f7a2a7df2b51af6df77314176760b22e2d05278e181", size = 292110, upload-time = "2026-07-10T19:47:19.188Z" },
    { url = "https://files.pythonhosted.org/packages/ad/1e/5ce0fbe9aab071893ce2b7df020d0f561f7b411ec334124302468d587884/regex-2026.7.10-cp312-cp312-manylinux2014_aarch64.manylinux_2_17_aarch64.manylinux_2_28_aarch64.whl", hash = "sha256:f3463a5f26be513a49e4d497debcf1b252a2db7b92c77d89621aa90b83d2dd38", size = 796800, upload-time = "2026-07-10T19:47:20.639Z" },
    { url = "https://files.pythonhosted.org/packages/d4/67/c1ccbada395c10e334763b583e1039b1660b142303ebb941d4269130b22f/regex-2026.7.10-cp312-cp312-manylinux2014_ppc64le.manylinux_2_17_ppc64le.manylinux_2_28_ppc64le.whl", hash = "sha256:948dfc62683a6947b9b486c4598d8f6e3ecc542478b6767b87d52be68aeb55c6", size = 865509, upload-time = "2026-07-10T19:47:22.135Z" },
    { url = "https://files.pythonhosted.org/packages/0e/06/f0b31afc16c1208f945b66290eb2a9936ab8becdfb23bbcedb91cc5f9d9b/regex-2026.7.10-cp312-cp312-manylinux2014_s390x.manylinux_2_17_s390x.manylinux_2_28_s390x.whl", hash = "sha256:c2cbd385d82f63bb35edb60b09b08abad3619bd0a4a492ae59e55afaf98e1b9d", size = 912395, upload-time = "2026-07-10T19:47:24.128Z" },
    { url = "https://files.pythonhosted.org/packages/0b/1c/8687de3a6c3220f4f872a9bf4bcd8dc249f2a96e7dddfa93de8bd4d16399/regex-2026.7.10-cp312-cp312-manylinux2014_x86_64.manylinux_2_17_x86_64.manylinux_2_28_x86_64.whl", hash = "sha256:f6222cafe00e072bb2b8f14142cd969637411fbc4dd3b1d73a90a3b817fa046f", size = 801308, upload-time = "2026-07-10T19:47:25.696Z" },
    { url = "https://files.pythonhosted.org/packages/5f/e3/60a40ec02a2315d826414a125640aceb6f30450574c530c8f352110ece0e/regex-2026.7.10-cp312-cp312-manylinux_2_31_riscv64.manylinux_2_39_riscv64.whl", hash = "sha256:65ee5d1ac3cd541325f5ac92625b1c1505f4d171520dd931bda7952895c5321a", size = 777120, upload-time = "2026-07-10T19:47:27.158Z" },
    { url = "https://files.pythonhosted.org/packages/6a/9a/ec579b4f840ac59bc7c192b56e66abd4cbf385615300d59f7c94bf6863ae/regex-2026.7.10-cp312-cp312-musllinux_1_2_aarch64.whl", hash = "sha256:aa34473fbcc108fea403074f3f45091461b18b2047d136f16ffaa4c65ad46a68", size = 785164, upload-time = "2026-07-10T19:47:28.732Z" },
    { url = "https://files.pythonhosted.org/packages/ad/1c/60d88afd5f98d4b0fb1f8b8969270628140dc01c7ff93a939f2aa83f31a6/regex-2026.7.10-cp312-cp312-musllinux_1_2_ppc64le.whl", hash = "sha256:9d028d189d8f38d7ff292f22187c0df37f2317f554d2ed9a2908ada330af57c0", size = 860161, upload-time = "2026-07-10T19:47:30.605Z" },
    { url = "https://files.pythonhosted.org/packages/2a/40/08ae3ba45fe79e48c9a888a3389a7ee7e2d8c580d2d996da5ece02dfdcb9/regex-2026.7.10-cp312-cp312-musllinux_1_2_riscv64.whl", hash = "sha256:396ea70e4ea1f19571940add3bad9fd3eb6a19dc610d0d01f692bc1ba0c10cb4", size = 765829, upload-time = "2026-07-10T19:47:32.06Z" },
    { url = "https://files.pythonhosted.org/packages/12/e6/e613c6755d19aca9d977cdc3418a1991ffc8f386779752dd8fdfa888ea89/regex-2026.7.10-cp312-cp312-musllinux_1_2_s390x.whl", hash = "sha256:ebbf0d83ed5271991d666e54bb6c90ac2c55fb2ef3a88740c6af85dc85de2402", size = 852170, upload-time = "2026-07-10T19:47:33.567Z" },
    { url = "https://files.pythonhosted.org/packages/03/33/89072f2060e6b844b4916d5bc40ef01e973640c703025707869264ec75ab/regex-2026.7.10-cp312-cp312-musllinux_1_2_x86_64.whl", hash = "sha256:58a4571b2a093f6f6ee4fd281faa8ebf645abcf575f758173ea2605c7a1e1ecb", size = 789550, upload-time = "2026-07-10T19:47:35.395Z" },
    { url = "https://files.pythonhosted.org/packages/e3/3c/4bc8be9a155035e63780ccac1da101f36194946fdc3f6fce90c7179fc6df/regex-2026.7.10-cp312-cp312-win32.whl", hash = "sha256:eac1207936555aa691ce32df1432b478f2729d54e6d93a1f4db9215bcd8eb47d", size = 267151, upload-time = "2026-07-10T19:47:37.047Z" },
    { url = "https://files.pythonhosted.org/packages/35/73/9f5aade65bb98cc6e99c336e45a49a658300720c16721f3e687f8d754fec/regex-2026.7.10-cp312-cp312-win_amd64.whl", hash = "sha256:ecae626449d00db8c08f8f1fc00047a32d6d7eb5402b3976f5c3fda2b80a7a4f", size = 277751, upload-time = "2026-07-10T19:47:38.488Z" },
    { url = "https://files.pythonhosted.org/packages/36/6f/d069dd12872ea1d50e17319d342f89e2072cae4b62f4245009a1108c74d8/regex-2026.7.10-cp312-cp312-win_arm64.whl", hash = "sha256:87794549a3f5c1c2bdfba2380c1bf87b931e375f4133d929da44f95e396bf5fe", size = 277063, upload-time = "2026-07-10T19:47:40.023Z" },
]

[[package]]
name = "requests"
version = "2.28.1"
source = { registry = "https://download.pytorch.org/whl/cu128" }
dependencies = [
    { name = "certifi" },
    { name = "charset-normalizer" },
    { name = "idna" },
    { name = "urllib3" },
]
wheels = [
    { url = "https://download.pytorch.org/whl/requests-2.28.1-py3-none-any.whl", hash = "sha256:8fefa2a1a1365bf5520aac41836fbee479da67864514bdb821f31ce07ce65349", upload-time = "2023-10-06T21:36:51Z" },
]

[[package]]
name = "setuptools"
version = "78.1.0"
source = { registry = "https://download.pytorch.org/whl/cu128" }
sdist = { url = "https://download.pytorch.org/whl/setuptools-78.1.0.tar.gz", upload-time = "2026-07-08T13:15:22Z" }
wheels = [
    { url = "https://download.pytorch.org/whl/setuptools-78.1.0-py3-none-any.whl", upload-time = "2026-07-08T13:15:22Z" },
]

[[package]]
name = "sympy"
version = "1.14.0"
source = { registry = "https://download.pytorch.org/whl/cu128" }
dependencies = [
    { name = "mpmath" },
]
sdist = { url = "https://files.pythonhosted.org/packages/83/d3/803453b36afefb7c2bb238361cd4ae6125a569b4db67cd9e79846ba2d68c/sympy-1.14.0.tar.gz", hash = "sha256:d3d3fe8df1e5a0b42f0e7bdf50541697dbe7d23746e894990c030e2b05e72517" }
wheels = [
    { url = "https://files.pythonhosted.org/packages/a2/09/77d55d46fd61b4a135c444fc97158ef34a095e5681d0a6c10b75bf356191/sympy-1.14.0-py3-none-any.whl", hash = "sha256:e091cc3e99d2141a0ba2847328f5479b05d94a6635cb96148ccb3f34671bd8f5" },
]

[[package]]
name = "tiktoken"
version = "0.13.0"
source = { registry = "https://pypi.org/simple" }
dependencies = [
    { name = "regex" },
    { name = "requests" },
]
sdist = { url = "https://files.pythonhosted.org/packages/e4/e5/5f3cb2159769d0f4324c0e9e87f9de3c4b1cd45848a96b2eb3566ad5ca77/tiktoken-0.13.0.tar.gz", hash = "sha256:c9435714c3a84c2319499de9a300c0e604449dd0799ff246458b3bb6a7f433c1", size = 38986, upload-time = "2026-05-15T04:51:27.153Z" }
wheels = [
    { url = "https://files.pythonhosted.org/packages/85/8e/144bde4e01df66b34bb865557c7cd754ed08b036217ebd79c9db5e9048a9/tiktoken-0.13.0-cp312-cp312-macosx_10_13_x86_64.whl", hash = "sha256:32ac870a806cfb260a02d0cb70426aef02e038297f8ad50df5040bb5af360791", size = 1034888, upload-time = "2026-05-15T04:50:31.579Z" },
    { url = "https://files.pythonhosted.org/packages/36/18/d4ac9d20956cdebca04841316660ed584c2fecdc2b81722a28bc7ad3b1e4/tiktoken-0.13.0-cp312-cp312-macosx_11_0_arm64.whl", hash = "sha256:4d9980f11429ed2d737c463bb1fb78cf330caa026adf002f714aced7849a687b", size = 982970, upload-time = "2026-05-15T04:50:32.961Z" },
    { url = "https://files.pythonhosted.org/packages/74/ed/6bb8d05b9f731f749fee5c6f5ca63e981143c826a5985877330507bd13b7/tiktoken-0.13.0-cp312-cp312-manylinux_2_28_aarch64.whl", hash = "sha256:3f277ebea5edd7b8bf03c6f9431e1d67d517530115572b2dc1d465326e8f88c7", size = 1115741, upload-time = "2026-05-15T04:50:34.475Z" },
    { url = "https://files.pythonhosted.org/packages/34/de/2ca96b07a82d972b74fe4b46de055b79c904e45c7eab699354a0bfa697dc/tiktoken-0.13.0-cp312-cp312-manylinux_2_28_x86_64.whl", hash = "sha256:a116178fa7e1b4065bff05214360373a65cac22f965be7b3f73d00a0dbfe7649", size = 1136523, upload-time = "2026-05-15T04:50:35.782Z" },
    { url = "https://files.pythonhosted.org/packages/ee/dc/9dafec002c2d4424378563cf4cf5c7fb93631d2a55013c8b87554ee4012c/tiktoken-0.13.0-cp312-cp312-musllinux_1_2_aarch64.whl", hash = "sha256:2c397ddda233208345b01bd30f2fca79ff730e55731d0108a603f9bc57f6af3b", size = 1181954, upload-time = "2026-05-15T04:50:36.99Z" },
    { url = "https://files.pythonhosted.org/packages/a1/d0/1f8578c45b2f24759b46f0b50d31878c63c73e6bf0f2227e10ec5c5408dc/tiktoken-0.13.0-cp312-cp312-musllinux_1_2_x86_64.whl", hash = "sha256:95097e4f89b06403976e498abf61a0ee73a7497e73fb599cb211d8197a054d91", size = 1240069, upload-time = "2026-05-15T04:50:38.221Z" },
    { url = "https://files.pythonhosted.org/packages/aa/90/28d7f154888610aa9237e541986beb62b479df29d193a5a0617dbb1514d0/tiktoken-0.13.0-cp312-cp312-win_amd64.whl", hash = "sha256:8f2d16e7a7c783ad81f36e457d046d1f1c8af70b22aec8a13238efe531977c41", size = 874748, upload-time = "2026-05-15T04:50:39.587Z" },
]

[[package]]
name = "torch"
version = "2.11.0+cu128"
source = { registry = "https://download.pytorch.org/whl/cu128" }
dependencies = [
    { name = "cuda-bindings", marker = "sys_platform == 'linux'" },
    { name = "cuda-toolkit", extra = ["cublas", "cudart", "cufft", "cufile", "cupti", "curand", "cusolver", "cusparse", "nvjitlink", "nvrtc", "nvtx"], marker = "sys_platform == 'linux'" },
    { name = "filelock" },
    { name = "fsspec" },
    { name = "jinja2" },
    { name = "networkx" },
    { name = "nvidia-cudnn-cu12", marker = "sys_platform == 'linux'" },
    { name = "nvidia-cusparselt-cu12", marker = "sys_platform == 'linux'" },
    { name = "nvidia-nccl-cu12", marker = "sys_platform == 'linux'" },
    { name = "nvidia-nvshmem-cu12", marker = "sys_platform == 'linux'" },
    { name = "setuptools" },
    { name = "sympy" },
    { name = "triton", marker = "sys_platform == 'linux'" },
    { name = "typing-extensions" },
]
wheels = [
    { url = "https://download-r2.pytorch.org/whl/cu128/torch-2.11.0%2Bcu128-cp312-cp312-manylinux_2_28_aarch64.whl", hash = "sha256:9c8f38efee365cb9d334de8a83ce52fc7e5fc9e5a7b0853285efa1b69e00b0f2", upload-time = "2026-04-27T17:41:30Z" },
    { url = "https://download-r2.pytorch.org/whl/cu128/torch-2.11.0%2Bcu128-cp312-cp312-manylinux_2_28_x86_64.whl", hash = "sha256:d252cf975fb18c94a85336323ad425f473df56dab35a44b00399bd70c7a3b997", upload-time = "2026-04-27T17:42:06Z" },
    { url = "https://download-r2.pytorch.org/whl/cu128/torch-2.11.0%2Bcu128-cp312-cp312-win_amd64.whl", hash = "sha256:7c78215c3af4f62e63f2b2e360f1722fc719b0853c7ac22666483d9810613a4c", upload-time = "2026-04-27T17:43:49Z" },
]

[[package]]
name = "torchaudio"
version = "2.11.0+cu128"
source = { registry = "https://download.pytorch.org/whl/cu128" }
wheels = [
    { url = "https://download-r2.pytorch.org/whl/cu128/torchaudio-2.11.0%2Bcu128-cp312-cp312-manylinux_2_28_aarch64.whl", hash = "sha256:d055c9ca9d4f0ffcbaa0fc22138bafd675256de392bdaadde00d797faa90ca56", upload-time = "2026-03-23T15:50:23Z" },
    { url = "https://download-r2.pytorch.org/whl/cu128/torchaudio-2.11.0%2Bcu128-cp312-cp312-manylinux_2_28_x86_64.whl", hash = "sha256:78b86a17f164bdaabdcee93fdfde2587fc43b9ebf15cd61dcf730b4f8615176b", upload-time = "2026-03-23T15:50:23Z" },
    { url = "https://download-r2.pytorch.org/whl/cu128/torchaudio-2.11.0%2Bcu128-cp312-cp312-win_amd64.whl", hash = "sha256:e0203d44b6dcf4c59f2ce38f997616e663b2a23a9e0b20ebb90ea0c787b5e86a", upload-time = "2026-03-23T15:50:23Z" },
]

[[package]]
name = "torchvision"
version = "0.26.0+cu128"
source = { registry = "https://download.pytorch.org/whl/cu128" }
dependencies = [
    { name = "numpy" },
    { name = "pillow" },
    { name = "torch" },
]
wheels = [
    { url = "https://download-r2.pytorch.org/whl/cu128/torchvision-0.26.0%2Bcu128-cp312-cp312-manylinux_2_28_aarch64.whl", hash = "sha256:63e35234aed13b6edda37056f417b5c281249669db631e706811917af36b21d7", upload-time = "2026-04-09T23:21:35Z" },
    { url = "https://download-r2.pytorch.org/whl/cu128/torchvision-0.26.0%2Bcu128-cp312-cp312-manylinux_2_28_x86_64.whl", hash = "sha256:ccf26b4b659cfce6f2208cb8326071d51c70219a34856dfdf468d1e19af52c0d", upload-time = "2026-03-23T15:36:22Z" },
    { url = "https://download-r2.pytorch.org/whl/cu128/torchvision-0.26.0%2Bcu128-cp312-cp312-win_amd64.whl", hash = "sha256:8c0d1c4fbb2c9a4d5d41d0aaa87da20e525bcb2a154ce405725b0be59456804b", upload-time = "2026-04-09T23:21:36Z" },
]

[[package]]
name = "tqdm"
version = "4.66.5"
source = { registry = "https://download.pytorch.org/whl/cu128" }
dependencies = [
    { name = "colorama", marker = "sys_platform == 'win32'" },
]
wheels = [
    { url = "https://download.pytorch.org/whl/tqdm-4.66.5-py3-none-any.whl", hash = "sha256:90279a3770753eafc9194a0364852159802111925aa30eb3f9d85b0e805ac7cd", upload-time = "2024-10-30T00:09:55Z" },
]

[[package]]
name = "transbribe"
version = "0.1.0"
source = { virtual = "." }
dependencies = [
    { name = "openai-whisper" },
    { name = "torch" },
    { name = "torchaudio" },
    { name = "torchvision" },
]

[package.metadata]
requires-dist = [
    { name = "openai-whisper", specifier = ">=20250625" },
    { name = "torch", specifier = ">=2.11.0" },
    { name = "torchaudio", specifier = ">=2.11.0" },
    { name = "torchvision", specifier = ">=0.26.0" },
]

[[package]]
name = "triton"
version = "3.6.0"
source = { registry = "https://download.pytorch.org/whl/cu128" }
wheels = [
    { url = "https://download-r2.pytorch.org/whl/triton-3.6.0-cp312-cp312-manylinux_2_27_aarch64.manylinux_2_28_aarch64.whl", hash = "sha256:6e42d084864d12b8784736fe51a0cd05f6cc56775b25c8102c9d80c421f4e298", upload-time = "2026-01-22T23:13:34Z" },
    { url = "https://download-r2.pytorch.org/whl/triton-3.6.0-cp312-cp312-manylinux_2_27_x86_64.manylinux_2_28_x86_64.whl", hash = "sha256:6f5928e6d44c34a97bbe164cceddc0ef2007121c89ebcfba5415cf452de7ee9f", upload-time = "2026-01-22T23:13:42Z" },
]

[[package]]
name = "typing-extensions"
version = "4.15.0"
source = { registry = "https://download.pytorch.org/whl/cu128" }
wheels = [
    { url = "https://download.pytorch.org/whl/typing_extensions-4.15.0-py3-none-any.whl" },
]

[[package]]
name = "urllib3"
version = "1.26.13"
source = { registry = "https://download.pytorch.org/whl/cu128" }
wheels = [
    { url = "https://download.pytorch.org/whl/urllib3-1.26.13-py2.py3-none-any.whl", hash = "sha256:47cc05d99aaa09c9e72ed5809b60e7ba354e64b59c9c173ac3018642d8bb41fc", upload-time = "2023-10-06T21:48:51Z" },
]
